// !$*UTF8*$!
{
	archiveVersion = 1;
	classes = {
	};
	objectVersion = 46;
	objects = {

/* Begin PBXBuildFile section */
		86F912A513D494EC00910002 /* UIKit.framework in Frameworks */ = {isa = PBXBuildFile; fileRef = 86F912A413D494EC00910002 /* UIKit.framework */; };
		86F912A713D494EC00910002 /* Foundation.framework in Frameworks */ = {isa = PBXBuildFile; fileRef = 86F912A613D494EC00910002 /* Foundation.framework */; };
		86F912A913D494EC00910002 /* CoreGraphics.framework in Frameworks */ = {isa = PBXBuildFile; fileRef = 86F912A813D494EC00910002 /* CoreGraphics.framework */; };
		86F912AF13D494EC00910002 /* InfoPlist.strings in Resources */ = {isa = PBXBuildFile; fileRef = 86F912AD13D494EC00910002 /* InfoPlist.strings */; };
		86F912B213D494EC00910002 /* main.m in Sources */ = {isa = PBXBuildFile; fileRef = 86F912B113D494EC00910002 /* main.m */; };
		86F912B513D494EC00910002 /* SchookaBudgetAppDelegate.m in Sources */ = {isa = PBXBuildFile; fileRef = 86F912B413D494EC00910002 /* SchookaBudgetAppDelegate.m */; };
		86F912B813D494EC00910002 /* MainWindow.xib in Resources */ = {isa = PBXBuildFile; fileRef = 86F912B613D494EC00910002 /* MainWindow.xib */; };
		86F912CB13D4951600910002 /* AccountsController.m in Sources */ = {isa = PBXBuildFile; fileRef = 86F912BF13D4951600910002 /* AccountsController.m */; };
		86F912CC13D4951600910002 /* EnvelopesController.m in Sources */ = {isa = PBXBuildFile; fileRef = 86F912C113D4951600910002 /* EnvelopesController.m */; };
		86F912CD13D4951600910002 /* EnvelopesController.xib in Resources */ = {isa = PBXBuildFile; fileRef = 86F912C213D4951600910002 /* EnvelopesController.xib */; };
		86F912CE13D4951600910002 /* AccountsController.xib in Resources */ = {isa = PBXBuildFile; fileRef = 86F912C313D4951600910002 /* AccountsController.xib */; };
		86F912D013D4951600910002 /* LoginController.m in Sources */ = {isa = PBXBuildFile; fileRef = 86F912C713D4951600910002 /* LoginController.m */; };
		86F912D113D4951600910002 /* LoginController.xib in Resources */ = {isa = PBXBuildFile; fileRef = 86F912C813D4951600910002 /* LoginController.xib */; };
		86F912D213D4951600910002 /* SchookaWebserviceController.m in Sources */ = {isa = PBXBuildFile; fileRef = 86F912CA13D4951600910002 /* SchookaWebserviceController.m */; };
		86F912ED13D4954F00910002 /* NSObject+SBJson.m in Sources */ = {isa = PBXBuildFile; fileRef = 86F912D513D4954F00910002 /* NSObject+SBJson.m */; };
		86F912EE13D4954F00910002 /* SBJsonParser.m in Sources */ = {isa = PBXBuildFile; fileRef = 86F912D813D4954F00910002 /* SBJsonParser.m */; };
		86F912EF13D4954F00910002 /* SBJsonStreamParser.m in Sources */ = {isa = PBXBuildFile; fileRef = 86F912DA13D4954F00910002 /* SBJsonStreamParser.m */; };
		86F912F013D4954F00910002 /* SBJsonStreamParserAccumulator.m in Sources */ = {isa = PBXBuildFile; fileRef = 86F912DC13D4954F00910002 /* SBJsonStreamParserAccumulator.m */; };
		86F912F113D4954F00910002 /* SBJsonStreamParserAdapter.m in Sources */ = {isa = PBXBuildFile; fileRef = 86F912DE13D4954F00910002 /* SBJsonStreamParserAdapter.m */; };
		86F912F213D4954F00910002 /* SBJsonStreamParserState.m in Sources */ = {isa = PBXBuildFile; fileRef = 86F912E013D4954F00910002 /* SBJsonStreamParserState.m */; };
		86F912F313D4954F00910002 /* SBJsonStreamWriter.m in Sources */ = {isa = PBXBuildFile; fileRef = 86F912E213D4954F00910002 /* SBJsonStreamWriter.m */; };
		86F912F413D4954F00910002 /* SBJsonStreamWriterAccumulator.m in Sources */ = {isa = PBXBuildFile; fileRef = 86F912E413D4954F00910002 /* SBJsonStreamWriterAccumulator.m */; };
		86F912F513D4954F00910002 /* SBJsonStreamWriterState.m in Sources */ = {isa = PBXBuildFile; fileRef = 86F912E613D4954F00910002 /* SBJsonStreamWriterState.m */; };
		86F912F613D4954F00910002 /* SBJsonTokeniser.m in Sources */ = {isa = PBXBuildFile; fileRef = 86F912E813D4954F00910002 /* SBJsonTokeniser.m */; };
		86F912F713D4954F00910002 /* SBJsonUTF8Stream.m in Sources */ = {isa = PBXBuildFile; fileRef = 86F912EA13D4954F00910002 /* SBJsonUTF8Stream.m */; };
		86F912F813D4954F00910002 /* SBJsonWriter.m in Sources */ = {isa = PBXBuildFile; fileRef = 86F912EC13D4954F00910002 /* SBJsonWriter.m */; };
/* End PBXBuildFile section */

/* Begin PBXFileReference section */
		86F912A013D494EC00910002 /* SchookaBudget.app */ = {isa = PBXFileReference; explicitFileType = wrapper.application; includeInIndex = 0; path = SchookaBudget.app; sourceTree = BUILT_PRODUCTS_DIR; };
		86F912A413D494EC00910002 /* UIKit.framework */ = {isa = PBXFileReference; lastKnownFileType = wrapper.framework; name = UIKit.framework; path = System/Library/Frameworks/UIKit.framework; sourceTree = SDKROOT; };
		86F912A613D494EC00910002 /* Foundation.framework */ = {isa = PBXFileReference; lastKnownFileType = wrapper.framework; name = Foundation.framework; path = System/Library/Frameworks/Foundation.framework; sourceTree = SDKROOT; };
		86F912A813D494EC00910002 /* CoreGraphics.framework */ = {isa = PBXFileReference; lastKnownFileType = wrapper.framework; name = CoreGraphics.framework; path = System/Library/Frameworks/CoreGraphics.framework; sourceTree = SDKROOT; };
		86F912AC13D494EC00910002 /* SchookaBudget-Info.plist */ = {isa = PBXFileReference; lastKnownFileType = text.plist.xml; path = "SchookaBudget-Info.plist"; sourceTree = "<group>"; };
		86F912AE13D494EC00910002 /* en */ = {isa = PBXFileReference; lastKnownFileType = text.plist.strings; name = en; path = en.lproj/InfoPlist.strings; sourceTree = "<group>"; };
		86F912B013D494EC00910002 /* SchookaBudget-Prefix.pch */ = {isa = PBXFileReference; lastKnownFileType = sourcecode.c.h; path = "SchookaBudget-Prefix.pch"; sourceTree = "<group>"; };
		86F912B113D494EC00910002 /* main.m */ = {isa = PBXFileReference; lastKnownFileType = sourcecode.c.objc; path = main.m; sourceTree = "<group>"; };
		86F912B313D494EC00910002 /* SchookaBudgetAppDelegate.h */ = {isa = PBXFileReference; lastKnownFileType = sourcecode.c.h; path = SchookaBudgetAppDelegate.h; sourceTree = "<group>"; };
		86F912B413D494EC00910002 /* SchookaBudgetAppDelegate.m */ = {isa = PBXFileReference; lastKnownFileType = sourcecode.c.objc; path = SchookaBudgetAppDelegate.m; sourceTree = "<group>"; };
		86F912B713D494EC00910002 /* en */ = {isa = PBXFileReference; lastKnownFileType = file.xib; name = en; path = en.lproj/MainWindow.xib; sourceTree = "<group>"; };
		86F912BE13D4951600910002 /* AccountsController.h */ = {isa = PBXFileReference; fileEncoding = 4; lastKnownFileType = sourcecode.c.h; path = AccountsController.h; sourceTree = "<group>"; };
		86F912BF13D4951600910002 /* AccountsController.m */ = {isa = PBXFileReference; fileEncoding = 4; lastKnownFileType = sourcecode.c.objc; path = AccountsController.m; sourceTree = "<group>"; };
		86F912C013D4951600910002 /* EnvelopesController.h */ = {isa = PBXFileReference; fileEncoding = 4; lastKnownFileType = sourcecode.c.h; path = EnvelopesController.h; sourceTree = "<group>"; };
		86F912C113D4951600910002 /* EnvelopesController.m */ = {isa = PBXFileReference; fileEncoding = 4; lastKnownFileType = sourcecode.c.objc; path = EnvelopesController.m; sourceTree = "<group>"; };
		86F912C213D4951600910002 /* EnvelopesController.xib */ = {isa = PBXFileReference; fileEncoding = 4; lastKnownFileType = file.xib; path = EnvelopesController.xib; sourceTree = "<group>"; };
		86F912C313D4951600910002 /* AccountsController.xib */ = {isa = PBXFileReference; fileEncoding = 4; lastKnownFileType = file.xib; path = AccountsController.xib; sourceTree = "<group>"; };
		86F912C613D4951600910002 /* LoginController.h */ = {isa = PBXFileReference; fileEncoding = 4; lastKnownFileType = sourcecode.c.h; path = LoginController.h; sourceTree = "<group>"; };
		86F912C713D4951600910002 /* LoginController.m */ = {isa = PBXFileReference; fileEncoding = 4; lastKnownFileType = sourcecode.c.objc; path = LoginController.m; sourceTree = "<group>"; };
		86F912C813D4951600910002 /* LoginController.xib */ = {isa = PBXFileReference; fileEncoding = 4; lastKnownFileType = file.xib; path = LoginController.xib; sourceTree = "<group>"; };
		86F912C913D4951600910002 /* SchookaWebserviceController.h */ = {isa = PBXFileReference; fileEncoding = 4; lastKnownFileType = sourcecode.c.h; path = SchookaWebserviceController.h; sourceTree = "<group>"; };
		86F912CA13D4951600910002 /* SchookaWebserviceController.m */ = {isa = PBXFileReference; fileEncoding = 4; lastKnownFileType = sourcecode.c.objc; path = SchookaWebserviceController.m; sourceTree = "<group>"; };
		86F912D413D4954F00910002 /* NSObject+SBJson.h */ = {isa = PBXFileReference; fileEncoding = 4; lastKnownFileType = sourcecode.c.h; path = "NSObject+SBJson.h"; sourceTree = "<group>"; };
		86F912D513D4954F00910002 /* NSObject+SBJson.m */ = {isa = PBXFileReference; fileEncoding = 4; lastKnownFileType = sourcecode.c.objc; path = "NSObject+SBJson.m"; sourceTree = "<group>"; };
		86F912D613D4954F00910002 /* SBJson.h */ = {isa = PBXFileReference; fileEncoding = 4; lastKnownFileType = sourcecode.c.h; path = SBJson.h; sourceTree = "<group>"; };
		86F912D713D4954F00910002 /* SBJsonParser.h */ = {isa = PBXFileReference; fileEncoding = 4; lastKnownFileType = sourcecode.c.h; path = SBJsonParser.h; sourceTree = "<group>"; };
		86F912D813D4954F00910002 /* SBJsonParser.m */ = {isa = PBXFileReference; fileEncoding = 4; lastKnownFileType = sourcecode.c.objc; path = SBJsonParser.m; sourceTree = "<group>"; };
		86F912D913D4954F00910002 /* SBJsonStreamParser.h */ = {isa = PBXFileReference; fileEncoding = 4; lastKnownFileType = sourcecode.c.h; path = SBJsonStreamParser.h; sourceTree = "<group>"; };
		86F912DA13D4954F00910002 /* SBJsonStreamParser.m */ = {isa = PBXFileReference; fileEncoding = 4; lastKnownFileType = sourcecode.c.objc; path = SBJsonStreamParser.m; sourceTree = "<group>"; };
		86F912DB13D4954F00910002 /* SBJsonStreamParserAccumulator.h */ = {isa = PBXFileReference; fileEncoding = 4; lastKnownFileType = sourcecode.c.h; path = SBJsonStreamParserAccumulator.h; sourceTree = "<group>"; };
		86F912DC13D4954F00910002 /* SBJsonStreamParserAccumulator.m */ = {isa = PBXFileReference; fileEncoding = 4; lastKnownFileType = sourcecode.c.objc; path = SBJsonStreamParserAccumulator.m; sourceTree = "<group>"; };
		86F912DD13D4954F00910002 /* SBJsonStreamParserAdapter.h */ = {isa = PBXFileReference; fileEncoding = 4; lastKnownFileType = sourcecode.c.h; path = SBJsonStreamParserAdapter.h; sourceTree = "<group>"; };
		86F912DE13D4954F00910002 /* SBJsonStreamParserAdapter.m */ = {isa = PBXFileReference; fileEncoding = 4; lastKnownFileType = sourcecode.c.objc; path = SBJsonStreamParserAdapter.m; sourceTree = "<group>"; };
		86F912DF13D4954F00910002 /* SBJsonStreamParserState.h */ = {isa = PBXFileReference; fileEncoding = 4; lastKnownFileType = sourcecode.c.h; path = SBJsonStreamParserState.h; sourceTree = "<group>"; };
		86F912E013D4954F00910002 /* SBJsonStreamParserState.m */ = {isa = PBXFileReference; fileEncoding = 4; lastKnownFileType = sourcecode.c.objc; path = SBJsonStreamParserState.m; sourceTree = "<group>"; };
		86F912E113D4954F00910002 /* SBJsonStreamWriter.h */ = {isa = PBXFileReference; fileEncoding = 4; lastKnownFileType = sourcecode.c.h; path = SBJsonStreamWriter.h; sourceTree = "<group>"; };
		86F912E213D4954F00910002 /* SBJsonStreamWriter.m */ = {isa = PBXFileReference; fileEncoding = 4; lastKnownFileType = sourcecode.c.objc; path = SBJsonStreamWriter.m; sourceTree = "<group>"; };
		86F912E313D4954F00910002 /* SBJsonStreamWriterAccumulator.h */ = {isa = PBXFileReference; fileEncoding = 4; lastKnownFileType = sourcecode.c.h; path = SBJsonStreamWriterAccumulator.h; sourceTree = "<group>"; };
		86F912E413D4954F00910002 /* SBJsonStreamWriterAccumulator.m */ = {isa = PBXFileReference; fileEncoding = 4; lastKnownFileType = sourcecode.c.objc; path = SBJsonStreamWriterAccumulator.m; sourceTree = "<group>"; };
		86F912E513D4954F00910002 /* SBJsonStreamWriterState.h */ = {isa = PBXFileReference; fileEncoding = 4; lastKnownFileType = sourcecode.c.h; path = SBJsonStreamWriterState.h; sourceTree = "<group>"; };
		86F912E613D4954F00910002 /* SBJsonStreamWriterState.m */ = {isa = PBXFileReference; fileEncoding = 4; lastKnownFileType = sourcecode.c.objc; path = SBJsonStreamWriterState.m; sourceTree = "<group>"; };
		86F912E713D4954F00910002 /* SBJsonTokeniser.h */ = {isa = PBXFileReference; fileEncoding = 4; lastKnownFileType = sourcecode.c.h; path = SBJsonTokeniser.h; sourceTree = "<group>"; };
		86F912E813D4954F00910002 /* SBJsonTokeniser.m */ = {isa = PBXFileReference; fileEncoding = 4; lastKnownFileType = sourcecode.c.objc; path = SBJsonTokeniser.m; sourceTree = "<group>"; };
		86F912E913D4954F00910002 /* SBJsonUTF8Stream.h */ = {isa = PBXFileReference; fileEncoding = 4; lastKnownFileType = sourcecode.c.h; path = SBJsonUTF8Stream.h; sourceTree = "<group>"; };
		86F912EA13D4954F00910002 /* SBJsonUTF8Stream.m */ = {isa = PBXFileReference; fileEncoding = 4; lastKnownFileType = sourcecode.c.objc; path = SBJsonUTF8Stream.m; sourceTree = "<group>"; };
		86F912EB13D4954F00910002 /* SBJsonWriter.h */ = {isa = PBXFileReference; fileEncoding = 4; lastKnownFileType = sourcecode.c.h; path = SBJsonWriter.h; sourceTree = "<group>"; };
		86F912EC13D4954F00910002 /* SBJsonWriter.m */ = {isa = PBXFileReference; fileEncoding = 4; lastKnownFileType = sourcecode.c.objc; path = SBJsonWriter.m; sourceTree = "<group>"; };
/* End PBXFileReference section */

/* Begin PBXFrameworksBuildPhase section */
		86F9129D13D494EC00910002 /* Frameworks */ = {
			isa = PBXFrameworksBuildPhase;
			buildActionMask = 2147483647;
			files = (
				86F912A513D494EC00910002 /* UIKit.framework in Frameworks */,
				86F912A713D494EC00910002 /* Foundation.framework in Frameworks */,
				86F912A913D494EC00910002 /* CoreGraphics.framework in Frameworks */,
			);
			runOnlyForDeploymentPostprocessing = 0;
		};
/* End PBXFrameworksBuildPhase section */

/* Begin PBXGroup section */
		86F9129513D494EC00910002 = {
			isa = PBXGroup;
			children = (
				86F912AA13D494EC00910002 /* SchookaBudget */,
				86F912A313D494EC00910002 /* Frameworks */,
				86F912A113D494EC00910002 /* Products */,
			);
			sourceTree = "<group>";
		};
		86F912A113D494EC00910002 /* Products */ = {
			isa = PBXGroup;
			children = (
				86F912A013D494EC00910002 /* SchookaBudget.app */,
			);
			name = Products;
			sourceTree = "<group>";
		};
		86F912A313D494EC00910002 /* Frameworks */ = {
			isa = PBXGroup;
			children = (
				86F912A413D494EC00910002 /* UIKit.framework */,
				86F912A613D494EC00910002 /* Foundation.framework */,
				86F912A813D494EC00910002 /* CoreGraphics.framework */,
			);
			name = Frameworks;
			sourceTree = "<group>";
		};
		86F912AA13D494EC00910002 /* SchookaBudget */ = {
			isa = PBXGroup;
			children = (
				86F912B313D494EC00910002 /* SchookaBudgetAppDelegate.h */,
				86F912B413D494EC00910002 /* SchookaBudgetAppDelegate.m */,
				86F912BE13D4951600910002 /* AccountsController.h */,
				86F912BF13D4951600910002 /* AccountsController.m */,
				86F912C013D4951600910002 /* EnvelopesController.h */,
				86F912C113D4951600910002 /* EnvelopesController.m */,
				86F912D313D4953500910002 /* JSON */,
				86F912C213D4951600910002 /* EnvelopesController.xib */,
				86F912C313D4951600910002 /* AccountsController.xib */,
				86F912C613D4951600910002 /* LoginController.h */,
				86F912C713D4951600910002 /* LoginController.m */,
				86F912C813D4951600910002 /* LoginController.xib */,
				86F912C913D4951600910002 /* SchookaWebserviceController.h */,
				86F912CA13D4951600910002 /* SchookaWebserviceController.m */,
				86F912B613D494EC00910002 /* MainWindow.xib */,
				86F912AB13D494EC00910002 /* Supporting Files */,
			);
			path = SchookaBudget;
			sourceTree = "<group>";
		};
		86F912AB13D494EC00910002 /* Supporting Files */ = {
			isa = PBXGroup;
			children = (
				86F912AC13D494EC00910002 /* SchookaBudget-Info.plist */,
				86F912AD13D494EC00910002 /* InfoPlist.strings */,
				86F912B013D494EC00910002 /* SchookaBudget-Prefix.pch */,
				86F912B113D494EC00910002 /* main.m */,
			);
			name = "Supporting Files";
			sourceTree = "<group>";
		};
		86F912D313D4953500910002 /* JSON */ = {
			isa = PBXGroup;
			children = (
				86F912D413D4954F00910002 /* NSObject+SBJson.h */,
				86F912D513D4954F00910002 /* NSObject+SBJson.m */,
				86F912D613D4954F00910002 /* SBJson.h */,
				86F912D713D4954F00910002 /* SBJsonParser.h */,
				86F912D813D4954F00910002 /* SBJsonParser.m */,
				86F912D913D4954F00910002 /* SBJsonStreamParser.h */,
				86F912DA13D4954F00910002 /* SBJsonStreamParser.m */,
				86F912DB13D4954F00910002 /* SBJsonStreamParserAccumulator.h */,
				86F912DC13D4954F00910002 /* SBJsonStreamParserAccumulator.m */,
				86F912DD13D4954F00910002 /* SBJsonStreamParserAdapter.h */,
				86F912DE13D4954F00910002 /* SBJsonStreamParserAdapter.m */,
				86F912DF13D4954F00910002 /* SBJsonStreamParserState.h */,
				86F912E013D4954F00910002 /* SBJsonStreamParserState.m */,
				86F912E113D4954F00910002 /* SBJsonStreamWriter.h */,
				86F912E213D4954F00910002 /* SBJsonStreamWriter.m */,
				86F912E313D4954F00910002 /* SBJsonStreamWriterAccumulator.h */,
				86F912E413D4954F00910002 /* SBJsonStreamWriterAccumulator.m */,
				86F912E513D4954F00910002 /* SBJsonStreamWriterState.h */,
				86F912E613D4954F00910002 /* SBJsonStreamWriterState.m */,
				86F912E713D4954F00910002 /* SBJsonTokeniser.h */,
				86F912E813D4954F00910002 /* SBJsonTokeniser.m */,
				86F912E913D4954F00910002 /* SBJsonUTF8Stream.h */,
				86F912EA13D4954F00910002 /* SBJsonUTF8Stream.m */,
				86F912EB13D4954F00910002 /* SBJsonWriter.h */,
				86F912EC13D4954F00910002 /* SBJsonWriter.m */,
			);
			name = JSON;
			sourceTree = "<group>";
		};
/* End PBXGroup section */

/* Begin PBXNativeTarget section */
		86F9129F13D494EC00910002 /* SchookaBudget */ = {
			isa = PBXNativeTarget;
			buildConfigurationList = 86F912BB13D494EC00910002 /* Build configuration list for PBXNativeTarget "SchookaBudget" */;
			buildPhases = (
				86F9129C13D494EC00910002 /* Sources */,
				86F9129D13D494EC00910002 /* Frameworks */,
				86F9129E13D494EC00910002 /* Resources */,
			);
			buildRules = (
			);
			dependencies = (
			);
			name = SchookaBudget;
			productName = SchookaBudget;
			productReference = 86F912A013D494EC00910002 /* SchookaBudget.app */;
			productType = "com.apple.product-type.application";
		};
/* End PBXNativeTarget section */

/* Begin PBXProject section */
		86F9129713D494EC00910002 /* Project object */ = {
			isa = PBXProject;
			buildConfigurationList = 86F9129A13D494EC00910002 /* Build configuration list for PBXProject "SchookaBudget" */;
			compatibilityVersion = "Xcode 3.2";
			developmentRegion = English;
			hasScannedForEncodings = 0;
			knownRegions = (
				en,
			);
			mainGroup = 86F9129513D494EC00910002;
			productRefGroup = 86F912A113D494EC00910002 /* Products */;
			projectDirPath = "";
			projectRoot = "";
			targets = (
				86F9129F13D494EC00910002 /* SchookaBudget */,
			);
		};
/* End PBXProject section */

/* Begin PBXResourcesBuildPhase section */
		86F9129E13D494EC00910002 /* Resources */ = {
			isa = PBXResourcesBuildPhase;
			buildActionMask = 2147483647;
			files = (
				86F912AF13D494EC00910002 /* InfoPlist.strings in Resources */,
				86F912B813D494EC00910002 /* MainWindow.xib in Resources */,
				86F912CD13D4951600910002 /* EnvelopesController.xib in Resources */,
				86F912CE13D4951600910002 /* AccountsController.xib in Resources */,
				86F912D113D4951600910002 /* LoginController.xib in Resources */,
			);
			runOnlyForDeploymentPostprocessing = 0;
		};
/* End PBXResourcesBuildPhase section */

/* Begin PBXSourcesBuildPhase section */
		86F9129C13D494EC00910002 /* Sources */ = {
			isa = PBXSourcesBuildPhase;
			buildActionMask = 2147483647;
			files = (
				86F912B213D494EC00910002 /* main.m in Sources */,
				86F912B513D494EC00910002 /* SchookaBudgetAppDelegate.m in Sources */,
				86F912CB13D4951600910002 /* AccountsController.m in Sources */,
				86F912CC13D4951600910002 /* EnvelopesController.m in Sources */,
				86F912D013D4951600910002 /* LoginController.m in Sources */,
				86F912D213D4951600910002 /* SchookaWebserviceController.m in Sources */,
				86F912ED13D4954F00910002 /* NSObject+SBJson.m in Sources */,
				86F912EE13D4954F00910002 /* SBJsonParser.m in Sources */,
				86F912EF13D4954F00910002 /* SBJsonStreamParser.m in Sources */,
				86F912F013D4954F00910002 /* SBJsonStreamParserAccumulator.m in Sources */,
				86F912F113D4954F00910002 /* SBJsonStreamParserAdapter.m in Sources */,
				86F912F213D4954F00910002 /* SBJsonStreamParserState.m in Sources */,
				86F912F313D4954F00910002 /* SBJsonStreamWriter.m in Sources */,
				86F912F413D4954F00910002 /* SBJsonStreamWriterAccumulator.m in Sources */,
				86F912F513D4954F00910002 /* SBJsonStreamWriterState.m in Sources */,
				86F912F613D4954F00910002 /* SBJsonTokeniser.m in Sources */,
				86F912F713D4954F00910002 /* SBJsonUTF8Stream.m in Sources */,
				86F912F813D4954F00910002 /* SBJsonWriter.m in Sources */,
			);
			runOnlyForDeploymentPostprocessing = 0;
		};
/* End PBXSourcesBuildPhase section */

/* Begin PBXVariantGroup section */
		86F912AD13D494EC00910002 /* InfoPlist.strings */ = {
			isa = PBXVariantGroup;
			children = (
				86F912AE13D494EC00910002 /* en */,
			);
			name = InfoPlist.strings;
			sourceTree = "<group>";
		};
		86F912B613D494EC00910002 /* MainWindow.xib */ = {
			isa = PBXVariantGroup;
			children = (
				86F912B713D494EC00910002 /* en */,
			);
			name = MainWindow.xib;
			sourceTree = "<group>";
		};
/* End PBXVariantGroup section */

/* Begin XCBuildConfiguration section */
		86F912B913D494EC00910002 /* Debug */ = {
			isa = XCBuildConfiguration;
			buildSettings = {
				ARCHS = "$(ARCHS_STANDARD_32_BIT)";
				"CODE_SIGN_IDENTITY[sdk=iphoneos*]" = "iPhone Developer";
				GCC_C_LANGUAGE_STANDARD = gnu99;
				GCC_OPTIMIZATION_LEVEL = 0;
				GCC_PREPROCESSOR_DEFINITIONS = DEBUG;
				GCC_SYMBOLS_PRIVATE_EXTERN = NO;
				GCC_VERSION = com.apple.compilers.llvmgcc42;
				GCC_WARN_ABOUT_RETURN_TYPE = YES;
				GCC_WARN_UNUSED_VARIABLE = YES;
				IPHONEOS_DEPLOYMENT_TARGET = 4.3;
				SDKROOT = iphoneos;
			};
			name = Debug;
		};
		86F912BA13D494EC00910002 /* Release */ = {
			isa = XCBuildConfiguration;
			buildSettings = {
				ARCHS = "$(ARCHS_STANDARD_32_BIT)";
				"CODE_SIGN_IDENTITY[sdk=iphoneos*]" = "iPhone Developer";
				GCC_C_LANGUAGE_STANDARD = gnu99;
				GCC_VERSION = com.apple.compilers.llvmgcc42;
				GCC_WARN_ABOUT_RETURN_TYPE = YES;
				GCC_WARN_UNUSED_VARIABLE = YES;
				IPHONEOS_DEPLOYMENT_TARGET = 4.3;
				OTHER_CFLAGS = "-DNS_BLOCK_ASSERTIONS=1";
				SDKROOT = iphoneos;
			};
			name = Release;
		};
		86F912BC13D494EC00910002 /* Debug */ = {
			isa = XCBuildConfiguration;
			buildSettings = {
				ALWAYS_SEARCH_USER_PATHS = NO;
				COPY_PHASE_STRIP = NO;
				GCC_DYNAMIC_NO_PIC = NO;
				GCC_PRECOMPILE_PREFIX_HEADER = YES;
				GCC_PREFIX_HEADER = "SchookaBudget/SchookaBudget-Prefix.pch";
				INFOPLIST_FILE = "SchookaBudget/SchookaBudget-Info.plist";
				PRODUCT_NAME = "$(TARGET_NAME)";
				WRAPPER_EXTENSION = app;
			};
			name = Debug;
		};
		86F912BD13D494EC00910002 /* Release */ = {
			isa = XCBuildConfiguration;
			buildSettings = {
				ALWAYS_SEARCH_USER_PATHS = NO;
				COPY_PHASE_STRIP = YES;
				GCC_PRECOMPILE_PREFIX_HEADER = YES;
				GCC_PREFIX_HEADER = "SchookaBudget/SchookaBudget-Prefix.pch";
				INFOPLIST_FILE = "SchookaBudget/SchookaBudget-Info.plist";
				PRODUCT_NAME = "$(TARGET_NAME)";
				VALIDATE_PRODUCT = YES;
				WRAPPER_EXTENSION = app;
			};
			name = Release;
		};
/* End XCBuildConfiguration section */

/* Begin XCConfigurationList section */
		86F9129A13D494EC00910002 /* Build configuration list for PBXProject "SchookaBudget" */ = {
			isa = XCConfigurationList;
			buildConfigurations = (
				86F912B913D494EC00910002 /* Debug */,
				86F912BA13D494EC00910002 /* Release */,
			);
			defaultConfigurationIsVisible = 0;
			defaultConfigurationName = Release;
		};
		86F912BB13D494EC00910002 /* Build configuration list for PBXNativeTarget "SchookaBudget" */ = {
			isa = XCConfigurationList;
			buildConfigurations = (
				86F912BC13D494EC00910002 /* Debug */,
				86F912BD13D494EC00910002 /* Release */,
			);
			defaultConfigurationIsVisible = 0;
		};
/* End XCConfigurationList section */
	};
	rootObject = 86F9129713D494EC00910002 /* Project object */;
}
